{
  "name": "@writetome51/get-property-value",
  "version": "1.0.0",
  "lockfileVersion": 1,
  "requires": true,
  "dependencies": {
    "@writetome51/array-get-copy": {
      "version": "1.1.1",
      "resolved": "https://registry.npmjs.org/@writetome51/array-get-copy/-/array-get-copy-1.1.1.tgz",
      "integrity": "sha512-tByj8yi8qttZ7zs3PUJDe5ywAGw1r5zUvaIdSdyVqftbwK+sNNUxRCRxmrG1msseRZLjdy0bRYn1Go4wDbLYpw==",
      "requires": {
        "@writetome51/array-get-merged-arrays": "~1.1.0",
        "basic-data-handling": "~1.0.13"
      }
    },
    "@writetome51/array-get-merged-arrays": {
      "version": "1.1.1",
      "resolved": "https://registry.npmjs.org/@writetome51/array-get-merged-arrays/-/array-get-merged-arrays-1.1.1.tgz",
      "integrity": "sha512-lLVBzAKcvq1xeHXACBcGgmkCAUFHuncYg6ARqjAwtYUIOK74XLPD8cRF+f2Ft0PODELLYGtyFtvmncjEec0arQ==",
      "requires": {
        "basic-data-handling": "~1.0.13"
      }
    },
    "@writetome51/get-array-from-property": {
      "version": "1.0.0",
      "resolved": "https://registry.npmjs.org/@writetome51/get-array-from-property/-/get-array-from-property-1.0.0.tgz",
      "integrity": "sha512-nB0SqZB58kegn2a9cHpGV28SlmcCmpTjDljO4fHdg2FBBz/FgdlONemwnWU2PRFs0EayP2jacSwr2Q2cgoQqHg=="
    },
    "basic-data-handling": {
      "version": "1.0.13",
      "resolved": "https://registry.npmjs.org/basic-data-handling/-/basic-data-handling-1.0.13.tgz",
      "integrity": "sha512-YRXUq0keESBb4XXzFAStPYJjviRx6CPPSzT/EfpMOLRfBrhnbBeKD2n+kfZyw2zvjreClf16xPF0tDjiLO+ogw=="
    }
  }
}
